github.com/zeroxsolutions/alex v0.0.2 h1:WnUgLp8QgKzLUM8ZtQMN98cbIuCLfNp/BeMuOuh6x00=
github.com/zeroxsolutions/alex v0.0.2/go.mod h1:hQgjEc1QRxCnoJO5SXz9DTWunSJGitrz1KgimgrTJ1U=
github.com/zeroxsolutions/barbatos v0.0.3 h1:KZDk3He7R+4ujWsHGlLJdsvotIM7T7Q/x4HYYAV1HmE=
github.com/zeroxsolutions/barbatos v0.0.3/go.mod h1:ymIvzDSYbxWPqn7xmzJcDYfei15CA87Y3FM+jS8gGb0=
github.com/zeroxsolutions/strike v0.0.1 h1:56Mhk6W1Uz2V/wyB1EiBAURAQKCvjQUSW3xGxyXSjTM=
github.com/zeroxsolutions/strike v0.0.1/go.mod h1:fIfn0vIly/znBBLSIWUI8+KPznfuRVaK9DDy/R8H6cA=
